
Microsoft Visual Studio Solution File, Format Version 12.00
# Visual Studio 15
VisualStudioVersion = 15.0.26124.0
MinimumVisualStudioVersion = 15.0.26124.0
Project("{FAE04EC0-301F-11D3-BF4B-00C04F79EFBC}") = "PaymentContext.Domain", "PaymentContext.Domain\PaymentContext.Domain.csproj", "{B7D44EC6-F8BF-402F-A9D9-D68020BD18BF}"
EndProject
Project("{FAE04EC0-301F-11D3-BF4B-00C04F79EFBC}") = "PaymentContext.Shared", "PaymentContext.Shared\PaymentContext.Shared.csproj", "{69943757-ACC5-4641-87B0-0408E78DF716}"
EndProject
Project("{FAE04EC0-301F-11D3-BF4B-00C04F79EFBC}") = "PaymentContext.Tests", "PaymentContext.Tests\PaymentContext.Tests.csproj", "{306CB1D6-4493-44EC-828F-E3C830581FDE}"
EndProject
Global
	GlobalSection(SolutionConfigurationPlatforms) = preSolution
		Debug|Any CPU = Debug|Any CPU
		Debug|x64 = Debug|x64
		Debug|x86 = Debug|x86
		Release|Any CPU = Release|Any CPU
		Release|x64 = Release|x64
		Release|x86 = Release|x86
	EndGlobalSection
	GlobalSection(SolutionProperties) = preSolution
		HideSolutionNode = FALSE
	EndGlobalSection
	GlobalSection(ProjectConfigurationPlatforms) = postSolution
		{B7D44EC6-F8BF-402F-A9D9-D68020BD18BF}.Debug|Any CPU.ActiveCfg = Debug|Any CPU
		{B7D44EC6-F8BF-402F-A9D9-D68020BD18BF}.Debug|Any CPU.Build.0 = Debug|Any CPU
		{B7D44EC6-F8BF-402F-A9D9-D68020BD18BF}.Debug|x64.ActiveCfg = Debug|Any CPU
		{B7D44EC6-F8BF-402F-A9D9-D68020BD18BF}.Debug|x64.Build.0 = Debug|Any CPU
		{B7D44EC6-F8BF-402F-A9D9-D68020BD18BF}.Debug|x86.ActiveCfg = Debug|Any CPU
		{B7D44EC6-F8BF-402F-A9D9-D68020BD18BF}.Debug|x86.Build.0 = Debug|Any CPU
		{B7D44EC6-F8BF-402F-A9D9-D68020BD18BF}.Release|Any CPU.ActiveCfg = Release|Any CPU
		{B7D44EC6-F8BF-402F-A9D9-D68020BD18BF}.Release|Any CPU.Build.0 = Release|Any CPU
		{B7D44EC6-F8BF-402F-A9D9-D68020BD18BF}.Release|x64.ActiveCfg = Release|Any CPU
		{B7D44EC6-F8BF-402F-A9D9-D68020BD18BF}.Release|x64.Build.0 = Release|Any CPU
		{B7D44EC6-F8BF-402F-A9D9-D68020BD18BF}.Release|x86.ActiveCfg = Release|Any CPU
		{B7D44EC6-F8BF-402F-A9D9-D68020BD18BF}.Release|x86.Build.0 = Release|Any CPU
		{69943757-ACC5-4641-87B0-0408E78DF716}.Debug|Any CPU.ActiveCfg = Debug|Any CPU
		{69943757-ACC5-4641-87B0-0408E78DF716}.Debug|Any CPU.Build.0 = Debug|Any CPU
		{69943757-ACC5-4641-87B0-0408E78DF716}.Debug|x64.ActiveCfg = Debug|Any CPU
		{69943757-ACC5-4641-87B0-0408E78DF716}.Debug|x64.Build.0 = Debug|Any CPU
		{69943757-ACC5-4641-87B0-0408E78DF716}.Debug|x86.ActiveCfg = Debug|Any CPU
		{69943757-ACC5-4641-87B0-0408E78DF716}.Debug|x86.Build.0 = Debug|Any CPU
		{69943757-ACC5-4641-87B0-0408E78DF716}.Release|Any CPU.ActiveCfg = Release|Any CPU
		{69943757-ACC5-4641-87B0-0408E78DF716}.Release|Any CPU.Build.0 = Release|Any CPU
		{69943757-ACC5-4641-87B0-0408E78DF716}.Release|x64.ActiveCfg = Release|Any CPU
		{69943757-ACC5-4641-87B0-0408E78DF716}.Release|x64.Build.0 = Release|Any CPU
		{69943757-ACC5-4641-87B0-0408E78DF716}.Release|x86.ActiveCfg = Release|Any CPU
		{69943757-ACC5-4641-87B0-0408E78DF716}.Release|x86.Build.0 = Release|Any CPU
		{306CB1D6-4493-44EC-828F-E3C830581FDE}.Debug|Any CPU.ActiveCfg = Debug|Any CPU
		{306CB1D6-4493-44EC-828F-E3C830581FDE}.Debug|Any CPU.Build.0 = Debug|Any CPU
		{306CB1D6-4493-44EC-828F-E3C830581FDE}.Debug|x64.ActiveCfg = Debug|Any CPU
		{306CB1D6-4493-44EC-828F-E3C830581FDE}.Debug|x64.Build.0 = Debug|Any CPU
		{306CB1D6-4493-44EC-828F-E3C830581FDE}.Debug|x86.ActiveCfg = Debug|Any CPU
		{306CB1D6-4493-44EC-828F-E3C830581FDE}.Debug|x86.Build.0 = Debug|Any CPU
		{306CB1D6-4493-44EC-828F-E3C830581FDE}.Release|Any CPU.ActiveCfg = Release|Any CPU
		{306CB1D6-4493-44EC-828F-E3C830581FDE}.Release|Any CPU.Build.0 = Release|Any CPU
		{306CB1D6-4493-44EC-828F-E3C830581FDE}.Release|x64.ActiveCfg = Release|Any CPU
		{306CB1D6-4493-44EC-828F-E3C830581FDE}.Release|x64.Build.0 = Release|Any CPU
		{306CB1D6-4493-44EC-828F-E3C830581FDE}.Release|x86.ActiveCfg = Release|Any CPU
		{306CB1D6-4493-44EC-828F-E3C830581FDE}.Release|x86.Build.0 = Release|Any CPU
	EndGlobalSection
EndGlobal
